// !$*UTF8*$!
{
	archiveVersion = 1;
	classes = {
	};
	objectVersion = 56;
	objects = {

/* Begin PBXBuildFile section */
		EA66C866295A639C001C6CB2 /* MovieCell.swift in Sources */ = {isa = PBXBuildFile; fileRef = EA66C865295A639C001C6CB2 /* MovieCell.swift */; };
		EA66C869295A7446001C6CB2 /* darknight.jpeg in Resources */ = {isa = PBXBuildFile; fileRef = EA66C868295A7446001C6CB2 /* darknight.jpeg */; };
		EA66C86C295A744E001C6CB2 /* rain.jpeg in Resources */ = {isa = PBXBuildFile; fileRef = EA66C86A295A744E001C6CB2 /* rain.jpeg */; };
		EA66C86D295A744E001C6CB2 /* secret.jpeg in Resources */ = {isa = PBXBuildFile; fileRef = EA66C86B295A744E001C6CB2 /* secret.jpeg */; };
		EA8E8FFB295EC95E00F0FCB9 /* DetailViewController.swift in Sources */ = {isa = PBXBuildFile; fileRef = EA8E8FFA295EC95E00F0FCB9 /* DetailViewController.swift */; };
		EADEE5FB2959F207000335A8 /* AppDelegate.swift in Sources */ = {isa = PBXBuildFile; fileRef = EADEE5FA2959F207000335A8 /* AppDelegate.swift */; };
		EADEE5FD2959F207000335A8 /* SceneDelegate.swift in Sources */ = {isa = PBXBuildFile; fileRef = EADEE5FC2959F207000335A8 /* SceneDelegate.swift */; };
		EADEE5FF2959F207000335A8 /* ViewController.swift in Sources */ = {isa = PBXBuildFile; fileRef = EADEE5FE2959F207000335A8 /* ViewController.swift */; };
		EADEE6022959F207000335A8 /* Main.storyboard in Resources */ = {isa = PBXBuildFile; fileRef = EADEE6002959F207000335A8 /* Main.storyboard */; };
		EADEE6042959F208000335A8 /* Assets.xcassets in Resources */ = {isa = PBXBuildFile; fileRef = EADEE6032959F208000335A8 /* Assets.xcassets */; };
		EADEE6072959F208000335A8 /* LaunchScreen.storyboard in Resources */ = {isa = PBXBuildFile; fileRef = EADEE6052959F208000335A8 /* LaunchScreen.storyboard */; };
		EADEE60F2959F240000335A8 /* ListViewController.swift in Sources */ = {isa = PBXBuildFile; fileRef = EADEE60E2959F240000335A8 /* ListViewController.swift */; };
		EADEE6112959F2EA000335A8 /* MovieVO.swift in Sources */ = {isa = PBXBuildFile; fileRef = EADEE6102959F2EA000335A8 /* MovieVO.swift */; };
/* End PBXBuildFile section */

/* Begin PBXFileReference section */
		EA66C865295A639C001C6CB2 /* MovieCell.swift */ = {isa = PBXFileReference; lastKnownFileType = sourcecode.swift; path = MovieCell.swift; sourceTree = "<group>"; };
		EA66C868295A7446001C6CB2 /* darknight.jpeg */ = {isa = PBXFileReference; lastKnownFileType = image.jpeg; path = darknight.jpeg; sourceTree = "<group>"; };
		EA66C86A295A744E001C6CB2 /* rain.jpeg */ = {isa = PBXFileReference; lastKnownFileType = image.jpeg; path = rain.jpeg; sourceTree = "<group>"; };
		EA66C86B295A744E001C6CB2 /* secret.jpeg */ = {isa = PBXFileReference; lastKnownFileType = image.jpeg; path = secret.jpeg; sourceTree = "<group>"; };
		EA8E8FFA295EC95E00F0FCB9 /* DetailViewController.swift */ = {isa = PBXFileReference; lastKnownFileType = sourcecode.swift; path = DetailViewController.swift; sourceTree = "<group>"; };
		EADEE5F72959F207000335A8 /* MyMovieChart.app */ = {isa = PBXFileReference; explicitFileType = wrapper.application; includeInIndex = 0; path = MyMovieChart.app; sourceTree = BUILT_PRODUCTS_DIR; };
		EADEE5FA2959F207000335A8 /* AppDelegate.swift */ = {isa = PBXFileReference; lastKnownFileType = sourcecode.swift; path = AppDelegate.swift; sourceTree = "<group>"; };
		EADEE5FC2959F207000335A8 /* SceneDelegate.swift */ = {isa = PBXFileReference; lastKnownFileType = sourcecode.swift; path = SceneDelegate.swift; sourceTree = "<group>"; };
		EADEE5FE2959F207000335A8 /* ViewController.swift */ = {isa = PBXFileReference; lastKnownFileType = sourcecode.swift; path = ViewController.swift; sourceTree = "<group>"; };
		EADEE6012959F207000335A8 /* Base */ = {isa = PBXFileReference; lastKnownFileType = file.storyboard; name = Base; path = Base.lproj/Main.storyboard; sourceTree = "<group>"; };
		EADEE6032959F208000335A8 /* Assets.xcassets */ = {isa = PBXFileReference; lastKnownFileType = folder.assetcatalog; path = Assets.xcassets; sourceTree = "<group>"; };
		EADEE6062959F208000335A8 /* Base */ = {isa = PBXFileReference; lastKnownFileType = file.storyboard; name = Base; path = Base.lproj/LaunchScreen.storyboard; sourceTree = "<group>"; };
		EADEE6082959F208000335A8 /* Info.plist */ = {isa = PBXFileReference; lastKnownFileType = text.plist.xml; path = Info.plist; sourceTree = "<group>"; };
		EADEE60E2959F240000335A8 /* ListViewController.swift */ = {isa = PBXFileReference; lastKnownFileType = sourcecode.swift; path = ListViewController.swift; sourceTree = "<group>"; };
		EADEE6102959F2EA000335A8 /* MovieVO.swift */ = {isa = PBXFileReference; lastKnownFileType = sourcecode.swift; path = MovieVO.swift; sourceTree = "<group>"; };
/* End PBXFileReference section */

/* Begin PBXFrameworksBuildPhase section */
		EADEE5F42959F207000335A8 /* Frameworks */ = {
			isa = PBXFrameworksBuildPhase;
			buildActionMask = 2147483647;
			files = (
			);
			runOnlyForDeploymentPostprocessing = 0;
		};
/* End PBXFrameworksBuildPhase section */

/* Begin PBXGroup section */
		EA66C867295A716F001C6CB2 /* Resources */ = {
			isa = PBXGroup;
			children = (
				EA66C86A295A744E001C6CB2 /* rain.jpeg */,
				EA66C86B295A744E001C6CB2 /* secret.jpeg */,
				EA66C868295A7446001C6CB2 /* darknight.jpeg */,
			);
			path = Resources;
			sourceTree = "<group>";
		};
		EADEE5EE2959F207000335A8 = {
			isa = PBXGroup;
			children = (
				EADEE5F92959F207000335A8 /* MyMovieChart */,
				EADEE5F82959F207000335A8 /* Products */,
			);
			sourceTree = "<group>";
		};
		EADEE5F82959F207000335A8 /* Products */ = {
			isa = PBXGroup;
			children = (
				EADEE5F72959F207000335A8 /* MyMovieChart.app */,
			);
			name = Products;
			sourceTree = "<group>";
		};
		EADEE5F92959F207000335A8 /* MyMovieChart */ = {
			isa = PBXGroup;
			children = (
				EA66C867295A716F001C6CB2 /* Resources */,
				EADEE5FA2959F207000335A8 /* AppDelegate.swift */,
				EADEE5FC2959F207000335A8 /* SceneDelegate.swift */,
				EADEE5FE2959F207000335A8 /* ViewController.swift */,
				EADEE6002959F207000335A8 /* Main.storyboard */,
				EA8E8FFA295EC95E00F0FCB9 /* DetailViewController.swift */,
				EA66C865295A639C001C6CB2 /* MovieCell.swift */,
				EADEE6102959F2EA000335A8 /* MovieVO.swift */,
				EADEE60E2959F240000335A8 /* ListViewController.swift */,
				EADEE6032959F208000335A8 /* Assets.xcassets */,
				EADEE6052959F208000335A8 /* LaunchScreen.storyboard */,
				EADEE6082959F208000335A8 /* Info.plist */,
			);
			path = MyMovieChart;
			sourceTree = "<group>";
		};
/* End PBXGroup section */

/* Begin PBXNativeTarget section */
		EADEE5F62959F207000335A8 /* MyMovieChart */ = {
			isa = PBXNativeTarget;
			buildConfigurationList = EADEE60B2959F208000335A8 /* Build configuration list for PBXNativeTarget "MyMovieChart" */;
			buildPhases = (
				EADEE5F32959F207000335A8 /* Sources */,
				EADEE5F42959F207000335A8 /* Frameworks */,
				EADEE5F52959F207000335A8 /* Resources */,
			);
			buildRules = (
			);
			dependencies = (
			);
			name = MyMovieChart;
			productName = MyMovieChart_test;
			productReference = EADEE5F72959F207000335A8 /* MyMovieChart.app */;
			productType = "com.apple.product-type.application";
		};
/* End PBXNativeTarget section */

/* Begin PBXProject section */
		EADEE5EF2959F207000335A8 /* Project object */ = {
			isa = PBXProject;
			attributes = {
				BuildIndependentTargetsInParallel = 1;
				LastSwiftUpdateCheck = 1420;
				LastUpgradeCheck = 1420;
				TargetAttributes = {
					EADEE5F62959F207000335A8 = {
						CreatedOnToolsVersion = 14.2;
					};
				};
			};
			buildConfigurationList = EADEE5F22959F207000335A8 /* Build configuration list for PBXProject "MyMovieChart" */;
			compatibilityVersion = "Xcode 14.0";
			developmentRegion = en;
			hasScannedForEncodings = 0;
			knownRegions = (
				en,
				Base,
			);
			mainGroup = EADEE5EE2959F207000335A8;
			productRefGroup = EADEE5F82959F207000335A8 /* Products */;
			projectDirPath = "";
			projectRoot = "";
			targets = (
				EADEE5F62959F207000335A8 /* MyMovieChart */,
			);
		};
/* End PBXProject section */

/* Begin PBXResourcesBuildPhase section */
		EADEE5F52959F207000335A8 /* Resources */ = {
			isa = PBXResourcesBuildPhase;
			buildActionMask = 2147483647;
			files = (
				EADEE6072959F208000335A8 /* LaunchScreen.storyboard in Resources */,
				EADEE6042959F208000335A8 /* Assets.xcassets in Resources */,
				EA66C86C295A744E001C6CB2 /* rain.jpeg in Resources */,
				EA66C86D295A744E001C6CB2 /* secret.jpeg in Resources */,
				EA66C869295A7446001C6CB2 /* darknight.jpeg in Resources */,
				EADEE6022959F207000335A8 /* Main.storyboard in Resources */,
			);
			runOnlyForDeploymentPostprocessing = 0;
		};
/* End PBXResourcesBuildPhase section */

/* Begin PBXSourcesBuildPhase section */
		EADEE5F32959F207000335A8 /* Sources */ = {
			isa = PBXSourcesBuildPhase;
			buildActionMask = 2147483647;
			files = (
				EADEE5FF2959F207000335A8 /* ViewController.swift in Sources */,
				EADEE5FB2959F207000335A8 /* AppDelegate.swift in Sources */,
				EA66C866295A639C001C6CB2 /* MovieCell.swift in Sources */,
				EADEE60F2959F240000335A8 /* ListViewController.swift in Sources */,
				EADEE5FD2959F207000335A8 /* SceneDelegate.swift in Sources */,
				EADEE6112959F2EA000335A8 /* MovieVO.swift in Sources */,
				EA8E8FFB295EC95E00F0FCB9 /* DetailViewController.swift in Sources */,
			);
			runOnlyForDeploymentPostprocessing = 0;
		};
/* End PBXSourcesBuildPhase section */

/* Begin PBXVariantGroup section */
		EADEE6002959F207000335A8 /* Main.storyboard */ = {
			isa = PBXVariantGroup;
			children = (
				EADEE6012959F207000335A8 /* Base */,
			);
			name = Main.storyboard;
			sourceTree = "<group>";
		};
		EADEE6052959F208000335A8 /* LaunchScreen.storyboard */ = {
			isa = PBXVariantGroup;
			children = (
				EADEE6062959F208000335A8 /* Base */,
			);
			name = LaunchScreen.storyboard;
			sourceTree = "<group>";
		};
/* End PBXVariantGroup section */

/* Begin XCBuildConfiguration section */
		EADEE6092959F208000335A8 /* Debug */ = {
			isa = XCBuildConfiguration;
			buildSettings = {
				ALWAYS_SEARCH_USER_PATHS = NO;
				CLANG_ANALYZER_NONNULL = YES;
				CLANG_ANALYZER_NUMBER_OBJECT_CONVERSION = YES_AGGRESSIVE;
				CLANG_CXX_LANGUAGE_STANDARD = "gnu++20";
				CLANG_ENABLE_MODULES = YES;
				CLANG_ENABLE_OBJC_ARC = YES;
				CLANG_ENABLE_OBJC_WEAK = YES;
				CLANG_WARN_BLOCK_CAPTURE_AUTORELEASING = YES;
				CLANG_WARN_BOOL_CONVERSION = YES;
				CLANG_WARN_COMMA = YES;
				CLANG_WARN_CONSTANT_CONVERSION = YES;
				CLANG_WARN_DEPRECATED_OBJC_IMPLEMENTATIONS = YES;
				CLANG_WARN_DIRECT_OBJC_ISA_USAGE = YES_ERROR;
				CLANG_WARN_DOCUMENTATION_COMMENTS = YES;
				CLANG_WARN_EMPTY_BODY = YES;
				CLANG_WARN_ENUM_CONVERSION = YES;
				CLANG_WARN_INFINITE_RECURSION = YES;
				CLANG_WARN_INT_CONVERSION = YES;
				CLANG_WARN_NON_LITERAL_NULL_CONVERSION = YES;
				CLANG_WARN_OBJC_IMPLICIT_RETAIN_SELF = YES;
				CLANG_WARN_OBJC_LITERAL_CONVERSION = YES;
				CLANG_WARN_OBJC_ROOT_CLASS = YES_ERROR;
				CLANG_WARN_QUOTED_INCLUDE_IN_FRAMEWORK_HEADER = YES;
				CLANG_WARN_RANGE_LOOP_ANALYSIS = YES;
				CLANG_WARN_STRICT_PROTOTYPES = YES;
				CLANG_WARN_SUSPICIOUS_MOVE = YES;
				CLANG_WARN_UNGUARDED_AVAILABILITY = YES_AGGRESSIVE;
				CLANG_WARN_UNREACHABLE_CODE = YES;
				CLANG_WARN__DUPLICATE_METHOD_MATCH = YES;
				COPY_PHASE_STRIP = NO;
				DEBUG_INFORMATION_FORMAT = dwarf;
				ENABLE_STRICT_OBJC_MSGSEND = YES;
				ENABLE_TESTABILITY = YES;
				GCC_C_LANGUAGE_STANDARD = gnu11;
				GCC_DYNAMIC_NO_PIC = NO;
				GCC_NO_COMMON_BLOCKS = YES;
				GCC_OPTIMIZATION_LEVEL = 0;
				GCC_PREPROCESSOR_DEFINITIONS = (
					"DEBUG=1",
					"$(inherited)",
				);
				GCC_WARN_64_TO_32_BIT_CONVERSION = YES;
				GCC_WARN_ABOUT_RETURN_TYPE = YES_ERROR;
				GCC_WARN_UNDECLARED_SELECTOR = YES;
				GCC_WARN_UNINITIALIZED_AUTOS = YES_AGGRESSIVE;
				GCC_WARN_UNUSED_FUNCTION = YES;
				GCC_WARN_UNUSED_VARIABLE = YES;
				IPHONEOS_DEPLOYMENT_TARGET = 16.2;
				MTL_ENABLE_DEBUG_INFO = INCLUDE_SOURCE;
				MTL_FAST_MATH = YES;
				ONLY_ACTIVE_ARCH = YES;
				SDKROOT = iphoneos;
				SWIFT_ACTIVE_COMPILATION_CONDITIONS = DEBUG;
				SWIFT_OPTIMIZATION_LEVEL = "-Onone";
			};
			name = Debug;
		};
		EADEE60A2959F208000335A8 /* Release */ = {
			isa = XCBuildConfiguration;
			buildSettings = {
				ALWAYS_SEARCH_USER_PATHS = NO;
				CLANG_ANALYZER_NONNULL = YES;
				CLANG_ANALYZER_NUMBER_OBJECT_CONVERSION = YES_AGGRESSIVE;
				CLANG_CXX_LANGUAGE_STANDARD = "gnu++20";
				CLANG_ENABLE_MODULES = YES;
				CLANG_ENABLE_OBJC_ARC = YES;
				CLANG_ENABLE_OBJC_WEAK = YES;
				CLANG_WARN_BLOCK_CAPTURE_AUTORELEASING = YES;
				CLANG_WARN_BOOL_CONVERSION = YES;
				CLANG_WARN_COMMA = YES;
				CLANG_WARN_CONSTANT_CONVERSION = YES;
				CLANG_WARN_DEPRECATED_OBJC_IMPLEMENTATIONS = YES;
				CLANG_WARN_DIRECT_OBJC_ISA_USAGE = YES_ERROR;
				CLANG_WARN_DOCUMENTATION_COMMENTS = YES;
				CLANG_WARN_EMPTY_BODY = YES;
				CLANG_WARN_ENUM_CONVERSION = YES;
				CLANG_WARN_INFINITE_RECURSION = YES;
				CLANG_WARN_INT_CONVERSION = YES;
				CLANG_WARN_NON_LITERAL_NULL_CONVERSION = YES;
				CLANG_WARN_OBJC_IMPLICIT_RETAIN_SELF = YES;
				CLANG_WARN_OBJC_LITERAL_CONVERSION = YES;
				CLANG_WARN_OBJC_ROOT_CLASS = YES_ERROR;
				CLANG_WARN_QUOTED_INCLUDE_IN_FRAMEWORK_HEADER = YES;
				CLANG_WARN_RANGE_LOOP_ANALYSIS = YES;
				CLANG_WARN_STRICT_PROTOTYPES = YES;
				CLANG_WARN_SUSPICIOUS_MOVE = YES;
				CLANG_WARN_UNGUARDED_AVAILABILITY = YES_AGGRESSIVE;
				CLANG_WARN_UNREACHABLE_CODE = YES;
				CLANG_WARN__DUPLICATE_METHOD_MATCH = YES;
				COPY_PHASE_STRIP = NO;
				DEBUG_INFORMATION_FORMAT = "dwarf-with-dsym";
				ENABLE_NS_ASSERTIONS = NO;
				ENABLE_STRICT_OBJC_MSGSEND = YES;
				GCC_C_LANGUAGE_STANDARD = gnu11;
				GCC_NO_COMMON_BLOCKS = YES;
				GCC_WARN_64_TO_32_BIT_CONVERSION = YES;
				GCC_WARN_ABOUT_RETURN_TYPE = YES_ERROR;
				GCC_WARN_UNDECLARED_SELECTOR = YES;
				GCC_WARN_UNINITIALIZED_AUTOS = YES_AGGRESSIVE;
				GCC_WARN_UNUSED_FUNCTION = YES;
				GCC_WARN_UNUSED_VARIABLE = YES;
				IPHONEOS_DEPLOYMENT_TARGET = 16.2;
				MTL_ENABLE_DEBUG_INFO = NO;
				MTL_FAST_MATH = YES;
				SDKROOT = iphoneos;
				SWIFT_COMPILATION_MODE = wholemodule;
				SWIFT_OPTIMIZATION_LEVEL = "-O";
				VALIDATE_PRODUCT = YES;
			};
			name = Release;
		};
		EADEE60C2959F208000335A8 /* Debug */ = {
			isa = XCBuildConfiguration;
			buildSettings = {
				ASSETCATALOG_COMPILER_APPICON_NAME = AppIcon;
				ASSETCATALOG_COMPILER_GLOBAL_ACCENT_COLOR_NAME = AccentColor;
				CODE_SIGN_STYLE = Automatic;
				CURRENT_PROJECT_VERSION = 1;
				GENERATE_INFOPLIST_FILE = YES;
				INFOPLIST_FILE = MyMovieChart/Info.plist;
				INFOPLIST_KEY_UIApplicationSupportsIndirectInputEvents = YES;
				INFOPLIST_KEY_UILaunchStoryboardName = LaunchScreen;
				INFOPLIST_KEY_UIMainStoryboardFile = Main;
				INFOPLIST_KEY_UISupportedInterfaceOrientations = UIInterfaceOrientationPortrait;
				INFOPLIST_KEY_UISupportedInterfaceOrientations_iPad = "UIInterfaceOrientationLandscapeLeft UIInterfaceOrientationLandscapeRight UIInterfaceOrientationPortrait UIInterfaceOrientationPortraitUpsideDown";
				LD_RUNPATH_SEARCH_PATHS = (
					"$(inherited)",
					"@executable_path/Frameworks",
				);
				MARKETING_VERSION = 1.0;
				PRODUCT_BUNDLE_IDENTIFIER = user.MyMovieChart;
				PRODUCT_NAME = "$(TARGET_NAME)";
				SUPPORTED_PLATFORMS = "iphoneos iphonesimulator";
				SUPPORTS_MACCATALYST = NO;
				SUPPORTS_MAC_DESIGNED_FOR_IPHONE_IPAD = NO;
				SWIFT_EMIT_LOC_STRINGS = YES;
				SWIFT_VERSION = 5.0;
				TARGETED_DEVICE_FAMILY = 1;
			};
			name = Debug;
		};
		EADEE60D2959F208000335A8 /* Release */ = {
			isa = XCBuildConfiguration;
			buildSettings = {
				ASSETCATALOG_COMPILER_APPICON_NAME = AppIcon;
				ASSETCATALOG_COMPILER_GLOBAL_ACCENT_COLOR_NAME = AccentColor;
				CODE_SIGN_STYLE = Automatic;
				CURRENT_PROJECT_VERSION = 1;
				GENERATE_INFOPLIST_FILE = YES;
				INFOPLIST_FILE = MyMovieChart/Info.plist;
				INFOPLIST_KEY_UIApplicationSupportsIndirectInputEvents = YES;
				INFOPLIST_KEY_UILaunchStoryboardName = LaunchScreen;
				INFOPLIST_KEY_UIMainStoryboardFile = Main;
				INFOPLIST_KEY_UISupportedInterfaceOrientations = UIInterfaceOrientationPortrait;
				INFOPLIST_KEY_UISupportedInterfaceOrientations_iPad = "UIInterfaceOrientationLandscapeLeft UIInterfaceOrientationLandscapeRight UIInterfaceOrientationPortrait UIInterfaceOrientationPortraitUpsideDown";
				LD_RUNPATH_SEARCH_PATHS = (
					"$(inherited)",
					"@executable_path/Frameworks",
				);
				MARKETING_VERSION = 1.0;
				PRODUCT_BUNDLE_IDENTIFIER = user.MyMovieChart;
				PRODUCT_NAME = "$(TARGET_NAME)";
				SUPPORTED_PLATFORMS = "iphoneos iphonesimulator";
				SUPPORTS_MACCATALYST = NO;
				SUPPORTS_MAC_DESIGNED_FOR_IPHONE_IPAD = NO;
				SWIFT_EMIT_LOC_STRINGS = YES;
				SWIFT_VERSION = 5.0;
				TARGETED_DEVICE_FAMILY = 1;
			};
			name = Release;
		};
/* End XCBuildConfiguration section */

/* Begin XCConfigurationList section */
		EADEE5F22959F207000335A8 /* Build configuration list for PBXProject "MyMovieChart" */ = {
			isa = XCConfigurationList;
			buildConfigurations = (
				EADEE6092959F208000335A8 /* Debug */,
				EADEE60A2959F208000335A8 /* Release */,
			);
			defaultConfigurationIsVisible = 0;
			defaultConfigurationName = Release;
		};
		EADEE60B2959F208000335A8 /* Build configuration list for PBXNativeTarget "MyMovieChart" */ = {
			isa = XCConfigurationList;
			buildConfigurations = (
				EADEE60C2959F208000335A8 /* Debug */,
				EADEE60D2959F208000335A8 /* Release */,
			);
			defaultConfigurationIsVisible = 0;
			defaultConfigurationName = Release;
		};
/* End XCConfigurationList section */
	};
	rootObject = EADEE5EF2959F207000335A8 /* Project object */;
}
